
Microsoft Visual Studio Solution File, Format Version 12.00
# Visual Studio Version 17
VisualStudioVersion = 17.14.36414.22 d17.14
MinimumVisualStudioVersion = 10.0.40219.1
Project("{FAE04EC0-301F-11D3-BF4B-00C04F79EFBC}") = "Montos", "Montos\Montos.csproj", "{CC1050F7-8DE5-430B-9CD6-C8B338C4FC08}"
EndProject
Global
	GlobalSection(SolutionConfigurationPlatforms) = preSolution
		Debug|Any CPU = Debug|Any CPU
		Release|Any CPU = Release|Any CPU
	EndGlobalSection
	GlobalSection(ProjectConfigurationPlatforms) = postSolution
		{CC1050F7-8DE5-430B-9CD6-C8B338C4FC08}.Debug|Any CPU.ActiveCfg = Debug|Any CPU
		{CC1050F7-8DE5-430B-9CD6-C8B338C4FC08}.Debug|Any CPU.Build.0 = Debug|Any CPU
		{CC1050F7-8DE5-430B-9CD6-C8B338C4FC08}.Release|Any CPU.ActiveCfg = Release|Any CPU
		{CC1050F7-8DE5-430B-9CD6-C8B338C4FC08}.Release|Any CPU.Build.0 = Release|Any CPU
	EndGlobalSection
	GlobalSection(SolutionProperties) = preSolution
		HideSolutionNode = FALSE
	EndGlobalSection
	GlobalSection(ExtensibilityGlobals) = postSolution
		SolutionGuid = {1757C1D0-66AE-4C17-9D7B-ECD1DACC2891}
	EndGlobalSection
EndGlobal
